// !$*UTF8*$!
{
	archiveVersion = 1;
	classes = {
	};
	objectVersion = 50;
	objects = {

/* Begin PBXBuildFile section */
		791A52A5279B3DBC00BCCB14 /* UIViewExtension.swift in Sources */ = {isa = PBXBuildFile; fileRef = 791A52A4279B3DBC00BCCB14 /* UIViewExtension.swift */; };
		791C07B327A448D700D31F13 /* AlbumsViewControllerConstants+Ext.swift in Sources */ = {isa = PBXBuildFile; fileRef = 791C07B227A448D700D31F13 /* AlbumsViewControllerConstants+Ext.swift */; };
		791C07B527A4493200D31F13 /* AlbumsViewControllerDataSource+Ext.swift in Sources */ = {isa = PBXBuildFile; fileRef = 791C07B427A4493200D31F13 /* AlbumsViewControllerDataSource+Ext.swift */; };
		791C07B727A44A8800D31F13 /* AlbumsViewConntrollerCompositionalLayout+Ext.swift in Sources */ = {isa = PBXBuildFile; fileRef = 791C07B627A44A8800D31F13 /* AlbumsViewConntrollerCompositionalLayout+Ext.swift */; };
		794CD465279B21B900DA135B /* PlacesCollectionViewCell.swift in Sources */ = {isa = PBXBuildFile; fileRef = 794CD464279B21B900DA135B /* PlacesCollectionViewCell.swift */; };
		7955B340277B324900000277 /* AlbumsViewController.swift in Sources */ = {isa = PBXBuildFile; fileRef = 7955B33F277B324900000277 /* AlbumsViewController.swift */; };
		7955B349277BA37500000277 /* AlbumsSectionModel.swift in Sources */ = {isa = PBXBuildFile; fileRef = 7955B348277BA37500000277 /* AlbumsSectionModel.swift */; };
		7955B34B277BA3E500000277 /* AlbumsItemModel.swift in Sources */ = {isa = PBXBuildFile; fileRef = 7955B34A277BA3E500000277 /* AlbumsItemModel.swift */; };
		7955B350277BA7C400000277 /* Model.json in Resources */ = {isa = PBXBuildFile; fileRef = 7955B34F277BA7C400000277 /* Model.json */; };
		796480892790B6F800C36E36 /* BundleExtension.swift in Sources */ = {isa = PBXBuildFile; fileRef = 796480882790B6F800C36E36 /* BundleExtension.swift */; };
		7965E85D27A09EB5008F9AE9 /* AlbumsViewControllerNavBarMenu+Ext.swift in Sources */ = {isa = PBXBuildFile; fileRef = 7965E85C27A09EB5008F9AE9 /* AlbumsViewControllerNavBarMenu+Ext.swift */; };
		79763937277A3919006C6F55 /* AppDelegate.swift in Sources */ = {isa = PBXBuildFile; fileRef = 79763936277A3919006C6F55 /* AppDelegate.swift */; };
		7976393E277A3919006C6F55 /* Main.storyboard in Resources */ = {isa = PBXBuildFile; fileRef = 7976393C277A3919006C6F55 /* Main.storyboard */; };
		79763940277A391C006C6F55 /* Assets.xcassets in Resources */ = {isa = PBXBuildFile; fileRef = 7976393F277A391C006C6F55 /* Assets.xcassets */; };
		79763943277A391C006C6F55 /* LaunchScreen.storyboard in Resources */ = {isa = PBXBuildFile; fileRef = 79763941277A391C006C6F55 /* LaunchScreen.storyboard */; };
		79763957277A7614006C6F55 /* MediaLibruaryViewController.swift in Sources */ = {isa = PBXBuildFile; fileRef = 79763956277A7614006C6F55 /* MediaLibruaryViewController.swift */; };
		79763959277A79C3006C6F55 /* ForYouViewController.swift in Sources */ = {isa = PBXBuildFile; fileRef = 79763958277A79C3006C6F55 /* ForYouViewController.swift */; };
		7976395B277A7A31006C6F55 /* SearchViewController.swift in Sources */ = {isa = PBXBuildFile; fileRef = 7976395A277A7A31006C6F55 /* SearchViewController.swift */; };
		7987CE00279817C700CA255F /* AlbumCollectionViewCell.swift in Sources */ = {isa = PBXBuildFile; fileRef = 7987CDFF279817C700CA255F /* AlbumCollectionViewCell.swift */; };
		7987CE022798181400CA255F /* PeopleCollectionViewCell.swift in Sources */ = {isa = PBXBuildFile; fileRef = 7987CE012798181400CA255F /* PeopleCollectionViewCell.swift */; };
		7987CE042798184E00CA255F /* ListCollectionViewCell.swift in Sources */ = {isa = PBXBuildFile; fileRef = 7987CE032798184E00CA255F /* ListCollectionViewCell.swift */; };
		7987CE092798211C00CA255F /* AlbumsSectionHeader.swift in Sources */ = {isa = PBXBuildFile; fileRef = 7987CE082798211C00CA255F /* AlbumsSectionHeader.swift */; };
/* End PBXBuildFile section */

/* Begin PBXFileReference section */
		791A52A4279B3DBC00BCCB14 /* UIViewExtension.swift */ = {isa = PBXFileReference; lastKnownFileType = sourcecode.swift; path = UIViewExtension.swift; sourceTree = "<group>"; };
		791C07B227A448D700D31F13 /* AlbumsViewControllerConstants+Ext.swift */ = {isa = PBXFileReference; lastKnownFileType = sourcecode.swift; path = "AlbumsViewControllerConstants+Ext.swift"; sourceTree = "<group>"; };
		791C07B427A4493200D31F13 /* AlbumsViewControllerDataSource+Ext.swift */ = {isa = PBXFileReference; lastKnownFileType = sourcecode.swift; path = "AlbumsViewControllerDataSource+Ext.swift"; sourceTree = "<group>"; };
		791C07B627A44A8800D31F13 /* AlbumsViewConntrollerCompositionalLayout+Ext.swift */ = {isa = PBXFileReference; lastKnownFileType = sourcecode.swift; path = "AlbumsViewConntrollerCompositionalLayout+Ext.swift"; sourceTree = "<group>"; };
		794CD464279B21B900DA135B /* PlacesCollectionViewCell.swift */ = {isa = PBXFileReference; lastKnownFileType = sourcecode.swift; path = PlacesCollectionViewCell.swift; sourceTree = "<group>"; };
		7955B33F277B324900000277 /* AlbumsViewController.swift */ = {isa = PBXFileReference; lastKnownFileType = sourcecode.swift; path = AlbumsViewController.swift; sourceTree = "<group>"; };
		7955B348277BA37500000277 /* AlbumsSectionModel.swift */ = {isa = PBXFileReference; lastKnownFileType = sourcecode.swift; path = AlbumsSectionModel.swift; sourceTree = "<group>"; };
		7955B34A277BA3E500000277 /* AlbumsItemModel.swift */ = {isa = PBXFileReference; lastKnownFileType = sourcecode.swift; path = AlbumsItemModel.swift; sourceTree = "<group>"; };
		7955B34F277BA7C400000277 /* Model.json */ = {isa = PBXFileReference; lastKnownFileType = text.json; path = Model.json; sourceTree = "<group>"; xcLanguageSpecificationIdentifier = xcode.lang.json; };
		796480882790B6F800C36E36 /* BundleExtension.swift */ = {isa = PBXFileReference; lastKnownFileType = sourcecode.swift; path = BundleExtension.swift; sourceTree = "<group>"; };
		7965E85C27A09EB5008F9AE9 /* AlbumsViewControllerNavBarMenu+Ext.swift */ = {isa = PBXFileReference; lastKnownFileType = sourcecode.swift; path = "AlbumsViewControllerNavBarMenu+Ext.swift"; sourceTree = "<group>"; };
		79763933277A3919006C6F55 /* IOS4_HW13_MIKHAIL_BAGMET.app */ = {isa = PBXFileReference; explicitFileType = wrapper.application; includeInIndex = 0; path = IOS4_HW13_MIKHAIL_BAGMET.app; sourceTree = BUILT_PRODUCTS_DIR; };
		79763936277A3919006C6F55 /* AppDelegate.swift */ = {isa = PBXFileReference; lastKnownFileType = sourcecode.swift; path = AppDelegate.swift; sourceTree = "<group>"; };
		7976393D277A3919006C6F55 /* Base */ = {isa = PBXFileReference; lastKnownFileType = file.storyboard; name = Base; path = Base.lproj/Main.storyboard; sourceTree = "<group>"; };
		7976393F277A391C006C6F55 /* Assets.xcassets */ = {isa = PBXFileReference; lastKnownFileType = folder.assetcatalog; path = Assets.xcassets; sourceTree = "<group>"; };
		79763942277A391C006C6F55 /* Base */ = {isa = PBXFileReference; lastKnownFileType = file.storyboard; name = Base; path = Base.lproj/LaunchScreen.storyboard; sourceTree = "<group>"; };
		79763944277A391C006C6F55 /* Info.plist */ = {isa = PBXFileReference; lastKnownFileType = text.plist.xml; path = Info.plist; sourceTree = "<group>"; };
		79763956277A7614006C6F55 /* MediaLibruaryViewController.swift */ = {isa = PBXFileReference; lastKnownFileType = sourcecode.swift; path = MediaLibruaryViewController.swift; sourceTree = "<group>"; };
		79763958277A79C3006C6F55 /* ForYouViewController.swift */ = {isa = PBXFileReference; lastKnownFileType = sourcecode.swift; path = ForYouViewController.swift; sourceTree = "<group>"; };
		7976395A277A7A31006C6F55 /* SearchViewController.swift */ = {isa = PBXFileReference; lastKnownFileType = sourcecode.swift; path = SearchViewController.swift; sourceTree = "<group>"; };
		7987CDFF279817C700CA255F /* AlbumCollectionViewCell.swift */ = {isa = PBXFileReference; lastKnownFileType = sourcecode.swift; path = AlbumCollectionViewCell.swift; sourceTree = "<group>"; };
		7987CE012798181400CA255F /* PeopleCollectionViewCell.swift */ = {isa = PBXFileReference; lastKnownFileType = sourcecode.swift; path = PeopleCollectionViewCell.swift; sourceTree = "<group>"; };
		7987CE032798184E00CA255F /* ListCollectionViewCell.swift */ = {isa = PBXFileReference; lastKnownFileType = sourcecode.swift; path = ListCollectionViewCell.swift; sourceTree = "<group>"; };
		7987CE082798211C00CA255F /* AlbumsSectionHeader.swift */ = {isa = PBXFileReference; lastKnownFileType = sourcecode.swift; path = AlbumsSectionHeader.swift; sourceTree = "<group>"; };
/* End PBXFileReference section */

/* Begin PBXFrameworksBuildPhase section */
		79763930277A3919006C6F55 /* Frameworks */ = {
			isa = PBXFrameworksBuildPhase;
			buildActionMask = 2147483647;
			files = (
			);
			runOnlyForDeploymentPostprocessing = 0;
		};
/* End PBXFrameworksBuildPhase section */

/* Begin PBXGroup section */
		791C07B827A4525F00D31F13 /* Scenes */ = {
			isa = PBXGroup;
			children = (
				7976394F277A7577006C6F55 /* MediaLibruary */,
				79763951277A759C006C6F55 /* ForYou */,
				79763955277A75D4006C6F55 /* Albums */,
				79763953277A75AF006C6F55 /* Search */,
			);
			path = Scenes;
			sourceTree = "<group>";
		};
		7955B347277BA35200000277 /* Models */ = {
			isa = PBXGroup;
			children = (
				7955B348277BA37500000277 /* AlbumsSectionModel.swift */,
				7955B34A277BA3E500000277 /* AlbumsItemModel.swift */,
				7955B34F277BA7C400000277 /* Model.json */,
			);
			path = Models;
			sourceTree = "<group>";
		};
		796480872790B6C000C36E36 /* Extensions */ = {
			isa = PBXGroup;
			children = (
				796480882790B6F800C36E36 /* BundleExtension.swift */,
				791A52A4279B3DBC00BCCB14 /* UIViewExtension.swift */,
			);
			path = Extensions;
			sourceTree = "<group>";
		};
		7965E85B27A09E6D008F9AE9 /* Extensions */ = {
			isa = PBXGroup;
			children = (
				7965E85C27A09EB5008F9AE9 /* AlbumsViewControllerNavBarMenu+Ext.swift */,
				791C07B427A4493200D31F13 /* AlbumsViewControllerDataSource+Ext.swift */,
				791C07B627A44A8800D31F13 /* AlbumsViewConntrollerCompositionalLayout+Ext.swift */,
				791C07B227A448D700D31F13 /* AlbumsViewControllerConstants+Ext.swift */,
			);
			path = Extensions;
			sourceTree = "<group>";
		};
		7976392A277A3919006C6F55 = {
			isa = PBXGroup;
			children = (
				79763935277A3919006C6F55 /* IOS4_HW13_MIKHAIL_BAGMET */,
				79763934277A3919006C6F55 /* Products */,
			);
			sourceTree = "<group>";
		};
		79763934277A3919006C6F55 /* Products */ = {
			isa = PBXGroup;
			children = (
				79763933277A3919006C6F55 /* IOS4_HW13_MIKHAIL_BAGMET.app */,
			);
			name = Products;
			sourceTree = "<group>";
		};
		79763935277A3919006C6F55 /* IOS4_HW13_MIKHAIL_BAGMET */ = {
			isa = PBXGroup;
			children = (
				7976394C277A6379006C6F55 /* Resources */,
				7976394A277A6353006C6F55 /* Sources */,
			);
			path = IOS4_HW13_MIKHAIL_BAGMET;
			sourceTree = "<group>";
		};
		7976394A277A6353006C6F55 /* Sources */ = {
			isa = PBXGroup;
			children = (
				7976394B277A6361006C6F55 /* App */,
				791C07B827A4525F00D31F13 /* Scenes */,
				796480872790B6C000C36E36 /* Extensions */,
			);
			path = Sources;
			sourceTree = "<group>";
		};
		7976394B277A6361006C6F55 /* App */ = {
			isa = PBXGroup;
			children = (
				79763936277A3919006C6F55 /* AppDelegate.swift */,
			);
			path = App;
			sourceTree = "<group>";
		};
		7976394C277A6379006C6F55 /* Resources */ = {
			isa = PBXGroup;
			children = (
				7976394E277A63BE006C6F55 /* Storyboards */,
				7976393F277A391C006C6F55 /* Assets.xcassets */,
				79763944277A391C006C6F55 /* Info.plist */,
			);
			path = Resources;
			sourceTree = "<group>";
		};
		7976394D277A63A8006C6F55 /* Controllers */ = {
			isa = PBXGroup;
			children = (
				7987CE0527981FB300CA255F /* CollectionViewHeaders */,
				7987CDFE2798176100CA255F /* CollectionViewCells */,
				7955B33F277B324900000277 /* AlbumsViewController.swift */,
				7965E85B27A09E6D008F9AE9 /* Extensions */,
			);
			path = Controllers;
			sourceTree = "<group>";
		};
		7976394E277A63BE006C6F55 /* Storyboards */ = {
			isa = PBXGroup;
			children = (
				7976393C277A3919006C6F55 /* Main.storyboard */,
				79763941277A391C006C6F55 /* LaunchScreen.storyboard */,
			);
			path = Storyboards;
			sourceTree = "<group>";
		};
		7976394F277A7577006C6F55 /* MediaLibruary */ = {
			isa = PBXGroup;
			children = (
				79763950277A758A006C6F55 /* Controllers */,
			);
			path = MediaLibruary;
			sourceTree = "<group>";
		};
		79763950277A758A006C6F55 /* Controllers */ = {
			isa = PBXGroup;
			children = (
				79763956277A7614006C6F55 /* MediaLibruaryViewController.swift */,
			);
			path = Controllers;
			sourceTree = "<group>";
		};
		79763951277A759C006C6F55 /* ForYou */ = {
			isa = PBXGroup;
			children = (
				79763952277A75A5006C6F55 /* Controllers */,
			);
			path = ForYou;
			sourceTree = "<group>";
		};
		79763952277A75A5006C6F55 /* Controllers */ = {
			isa = PBXGroup;
			children = (
				79763958277A79C3006C6F55 /* ForYouViewController.swift */,
			);
			path = Controllers;
			sourceTree = "<group>";
		};
		79763953277A75AF006C6F55 /* Search */ = {
			isa = PBXGroup;
			children = (
				79763954277A75B6006C6F55 /* Controllers */,
			);
			path = Search;
			sourceTree = "<group>";
		};
		79763954277A75B6006C6F55 /* Controllers */ = {
			isa = PBXGroup;
			children = (
				7976395A277A7A31006C6F55 /* SearchViewController.swift */,
			);
			path = Controllers;
			sourceTree = "<group>";
		};
		79763955277A75D4006C6F55 /* Albums */ = {
			isa = PBXGroup;
			children = (
				7955B347277BA35200000277 /* Models */,
				7976394D277A63A8006C6F55 /* Controllers */,
			);
			path = Albums;
			sourceTree = "<group>";
		};
		7987CDFE2798176100CA255F /* CollectionViewCells */ = {
			isa = PBXGroup;
			children = (
				7987CDFF279817C700CA255F /* AlbumCollectionViewCell.swift */,
				7987CE012798181400CA255F /* PeopleCollectionViewCell.swift */,
				794CD464279B21B900DA135B /* PlacesCollectionViewCell.swift */,
				7987CE032798184E00CA255F /* ListCollectionViewCell.swift */,
			);
			path = CollectionViewCells;
			sourceTree = "<group>";
		};
		7987CE0527981FB300CA255F /* CollectionViewHeaders */ = {
			isa = PBXGroup;
			children = (
				7987CE082798211C00CA255F /* AlbumsSectionHeader.swift */,
			);
			path = CollectionViewHeaders;
			sourceTree = "<group>";
		};
/* End PBXGroup section */

/* Begin PBXNativeTarget section */
		79763932277A3919006C6F55 /* IOS4_HW13_MIKHAIL_BAGMET */ = {
			isa = PBXNativeTarget;
			buildConfigurationList = 79763947277A391C006C6F55 /* Build configuration list for PBXNativeTarget "IOS4_HW13_MIKHAIL_BAGMET" */;
			buildPhases = (
				7976392F277A3919006C6F55 /* Sources */,
				79763930277A3919006C6F55 /* Frameworks */,
				79763931277A3919006C6F55 /* Resources */,
			);
			buildRules = (
			);
			dependencies = (
			);
			name = IOS4_HW13_MIKHAIL_BAGMET;
			productName = IOS4_HW13_MIKHAIL_BAGMET;
			productReference = 79763933277A3919006C6F55 /* IOS4_HW13_MIKHAIL_BAGMET.app */;
			productType = "com.apple.product-type.application";
		};
/* End PBXNativeTarget section */

/* Begin PBXProject section */
		7976392B277A3919006C6F55 /* Project object */ = {
			isa = PBXProject;
			attributes = {
				LastSwiftUpdateCheck = 1250;
				LastUpgradeCheck = 1250;
				TargetAttributes = {
					79763932277A3919006C6F55 = {
						CreatedOnToolsVersion = 12.5.1;
					};
				};
			};
			buildConfigurationList = 7976392E277A3919006C6F55 /* Build configuration list for PBXProject "IOS4_HW13_MIKHAIL_BAGMET" */;
			compatibilityVersion = "Xcode 9.3";
			developmentRegion = en;
			hasScannedForEncodings = 0;
			knownRegions = (
				en,
				Base,
			);
			mainGroup = 7976392A277A3919006C6F55;
			productRefGroup = 79763934277A3919006C6F55 /* Products */;
			projectDirPath = "";
			projectRoot = "";
			targets = (
				79763932277A3919006C6F55 /* IOS4_HW13_MIKHAIL_BAGMET */,
			);
		};
/* End PBXProject section */

/* Begin PBXResourcesBuildPhase section */
		79763931277A3919006C6F55 /* Resources */ = {
			isa = PBXResourcesBuildPhase;
			buildActionMask = 2147483647;
			files = (
				79763943277A391C006C6F55 /* LaunchScreen.storyboard in Resources */,
				79763940277A391C006C6F55 /* Assets.xcassets in Resources */,
				7976393E277A3919006C6F55 /* Main.storyboard in Resources */,
				7955B350277BA7C400000277 /* Model.json in Resources */,
			);
			runOnlyForDeploymentPostprocessing = 0;
		};
/* End PBXResourcesBuildPhase section */

/* Begin PBXSourcesBuildPhase section */
		7976392F277A3919006C6F55 /* Sources */ = {
			isa = PBXSourcesBuildPhase;
			buildActionMask = 2147483647;
			files = (
				791A52A5279B3DBC00BCCB14 /* UIViewExtension.swift in Sources */,
				7976395B277A7A31006C6F55 /* SearchViewController.swift in Sources */,
				79763959277A79C3006C6F55 /* ForYouViewController.swift in Sources */,
				796480892790B6F800C36E36 /* BundleExtension.swift in Sources */,
				7955B340277B324900000277 /* AlbumsViewController.swift in Sources */,
				7965E85D27A09EB5008F9AE9 /* AlbumsViewControllerNavBarMenu+Ext.swift in Sources */,
				791C07B727A44A8800D31F13 /* AlbumsViewConntrollerCompositionalLayout+Ext.swift in Sources */,
				79763957277A7614006C6F55 /* MediaLibruaryViewController.swift in Sources */,
				7955B34B277BA3E500000277 /* AlbumsItemModel.swift in Sources */,
				794CD465279B21B900DA135B /* PlacesCollectionViewCell.swift in Sources */,
				791C07B327A448D700D31F13 /* AlbumsViewControllerConstants+Ext.swift in Sources */,
				7987CE042798184E00CA255F /* ListCollectionViewCell.swift in Sources */,
				7987CE00279817C700CA255F /* AlbumCollectionViewCell.swift in Sources */,
				7987CE092798211C00CA255F /* AlbumsSectionHeader.swift in Sources */,
				791C07B527A4493200D31F13 /* AlbumsViewControllerDataSource+Ext.swift in Sources */,
				7955B349277BA37500000277 /* AlbumsSectionModel.swift in Sources */,
				79763937277A3919006C6F55 /* AppDelegate.swift in Sources */,
				7987CE022798181400CA255F /* PeopleCollectionViewCell.swift in Sources */,
			);
			runOnlyForDeploymentPostprocessing = 0;
		};
/* End PBXSourcesBuildPhase section */

/* Begin PBXVariantGroup section */
		7976393C277A3919006C6F55 /* Main.storyboard */ = {
			isa = PBXVariantGroup;
			children = (
				7976393D277A3919006C6F55 /* Base */,
			);
			name = Main.storyboard;
			sourceTree = "<group>";
		};
		79763941277A391C006C6F55 /* LaunchScreen.storyboard */ = {
			isa = PBXVariantGroup;
			children = (
				79763942277A391C006C6F55 /* Base */,
			);
			name = LaunchScreen.storyboard;
			sourceTree = "<group>";
		};
/* End PBXVariantGroup section */

/* Begin XCBuildConfiguration section */
		79763945277A391C006C6F55 /* Debug */ = {
			isa = XCBuildConfiguration;
			buildSettings = {
				ALWAYS_SEARCH_USER_PATHS = NO;
				CLANG_ANALYZER_NONNULL = YES;
				CLANG_ANALYZER_NUMBER_OBJECT_CONVERSION = YES_AGGRESSIVE;
				CLANG_CXX_LANGUAGE_STANDARD = "gnu++14";
				CLANG_CXX_LIBRARY = "libc++";
				CLANG_ENABLE_MODULES = YES;
				CLANG_ENABLE_OBJC_ARC = YES;
				CLANG_ENABLE_OBJC_WEAK = YES;
				CLANG_WARN_BLOCK_CAPTURE_AUTORELEASING = YES;
				CLANG_WARN_BOOL_CONVERSION = YES;
				CLANG_WARN_COMMA = YES;
				CLANG_WARN_CONSTANT_CONVERSION = YES;
				CLANG_WARN_DEPRECATED_OBJC_IMPLEMENTATIONS = YES;
				CLANG_WARN_DIRECT_OBJC_ISA_USAGE = YES_ERROR;
				CLANG_WARN_DOCUMENTATION_COMMENTS = YES;
				CLANG_WARN_EMPTY_BODY = YES;
				CLANG_WARN_ENUM_CONVERSION = YES;
				CLANG_WARN_INFINITE_RECURSION = YES;
				CLANG_WARN_INT_CONVERSION = YES;
				CLANG_WARN_NON_LITERAL_NULL_CONVERSION = YES;
				CLANG_WARN_OBJC_IMPLICIT_RETAIN_SELF = YES;
				CLANG_WARN_OBJC_LITERAL_CONVERSION = YES;
				CLANG_WARN_OBJC_ROOT_CLASS = YES_ERROR;
				CLANG_WARN_QUOTED_INCLUDE_IN_FRAMEWORK_HEADER = YES;
				CLANG_WARN_RANGE_LOOP_ANALYSIS = YES;
				CLANG_WARN_STRICT_PROTOTYPES = YES;
				CLANG_WARN_SUSPICIOUS_MOVE = YES;
				CLANG_WARN_UNGUARDED_AVAILABILITY = YES_AGGRESSIVE;
				CLANG_WARN_UNREACHABLE_CODE = YES;
				CLANG_WARN__DUPLICATE_METHOD_MATCH = YES;
				COPY_PHASE_STRIP = NO;
				DEBUG_INFORMATION_FORMAT = dwarf;
				ENABLE_STRICT_OBJC_MSGSEND = YES;
				ENABLE_TESTABILITY = YES;
				GCC_C_LANGUAGE_STANDARD = gnu11;
				GCC_DYNAMIC_NO_PIC = NO;
				GCC_NO_COMMON_BLOCKS = YES;
				GCC_OPTIMIZATION_LEVEL = 0;
				GCC_PREPROCESSOR_DEFINITIONS = (
					"DEBUG=1",
					"$(inherited)",
				);
				GCC_WARN_64_TO_32_BIT_CONVERSION = YES;
				GCC_WARN_ABOUT_RETURN_TYPE = YES_ERROR;
				GCC_WARN_UNDECLARED_SELECTOR = YES;
				GCC_WARN_UNINITIALIZED_AUTOS = YES_AGGRESSIVE;
				GCC_WARN_UNUSED_FUNCTION = YES;
				GCC_WARN_UNUSED_VARIABLE = YES;
				IPHONEOS_DEPLOYMENT_TARGET = 14.5;
				MTL_ENABLE_DEBUG_INFO = INCLUDE_SOURCE;
				MTL_FAST_MATH = YES;
				ONLY_ACTIVE_ARCH = YES;
				SDKROOT = iphoneos;
				SWIFT_ACTIVE_COMPILATION_CONDITIONS = DEBUG;
				SWIFT_OPTIMIZATION_LEVEL = "-Onone";
			};
			name = Debug;
		};
		79763946277A391C006C6F55 /* Release */ = {
			isa = XCBuildConfiguration;
			buildSettings = {
				ALWAYS_SEARCH_USER_PATHS = NO;
				CLANG_ANALYZER_NONNULL = YES;
				CLANG_ANALYZER_NUMBER_OBJECT_CONVERSION = YES_AGGRESSIVE;
				CLANG_CXX_LANGUAGE_STANDARD = "gnu++14";
				CLANG_CXX_LIBRARY = "libc++";
				CLANG_ENABLE_MODULES = YES;
				CLANG_ENABLE_OBJC_ARC = YES;
				CLANG_ENABLE_OBJC_WEAK = YES;
				CLANG_WARN_BLOCK_CAPTURE_AUTORELEASING = YES;
				CLANG_WARN_BOOL_CONVERSION = YES;
				CLANG_WARN_COMMA = YES;
				CLANG_WARN_CONSTANT_CONVERSION = YES;
				CLANG_WARN_DEPRECATED_OBJC_IMPLEMENTATIONS = YES;
				CLANG_WARN_DIRECT_OBJC_ISA_USAGE = YES_ERROR;
				CLANG_WARN_DOCUMENTATION_COMMENTS = YES;
				CLANG_WARN_EMPTY_BODY = YES;
				CLANG_WARN_ENUM_CONVERSION = YES;
				CLANG_WARN_INFINITE_RECURSION = YES;
				CLANG_WARN_INT_CONVERSION = YES;
				CLANG_WARN_NON_LITERAL_NULL_CONVERSION = YES;
				CLANG_WARN_OBJC_IMPLICIT_RETAIN_SELF = YES;
				CLANG_WARN_OBJC_LITERAL_CONVERSION = YES;
				CLANG_WARN_OBJC_ROOT_CLASS = YES_ERROR;
				CLANG_WARN_QUOTED_INCLUDE_IN_FRAMEWORK_HEADER = YES;
				CLANG_WARN_RANGE_LOOP_ANALYSIS = YES;
				CLANG_WARN_STRICT_PROTOTYPES = YES;
				CLANG_WARN_SUSPICIOUS_MOVE = YES;
				CLANG_WARN_UNGUARDED_AVAILABILITY = YES_AGGRESSIVE;
				CLANG_WARN_UNREACHABLE_CODE = YES;
				CLANG_WARN__DUPLICATE_METHOD_MATCH = YES;
				COPY_PHASE_STRIP = NO;
				DEBUG_INFORMATION_FORMAT = "dwarf-with-dsym";
				ENABLE_NS_ASSERTIONS = NO;
				ENABLE_STRICT_OBJC_MSGSEND = YES;
				GCC_C_LANGUAGE_STANDARD = gnu11;
				GCC_NO_COMMON_BLOCKS = YES;
				GCC_WARN_64_TO_32_BIT_CONVERSION = YES;
				GCC_WARN_ABOUT_RETURN_TYPE = YES_ERROR;
				GCC_WARN_UNDECLARED_SELECTOR = YES;
				GCC_WARN_UNINITIALIZED_AUTOS = YES_AGGRESSIVE;
				GCC_WARN_UNUSED_FUNCTION = YES;
				GCC_WARN_UNUSED_VARIABLE = YES;
				IPHONEOS_DEPLOYMENT_TARGET = 14.5;
				MTL_ENABLE_DEBUG_INFO = NO;
				MTL_FAST_MATH = YES;
				SDKROOT = iphoneos;
				SWIFT_COMPILATION_MODE = wholemodule;
				SWIFT_OPTIMIZATION_LEVEL = "-O";
				VALIDATE_PRODUCT = YES;
			};
			name = Release;
		};
		79763948277A391C006C6F55 /* Debug */ = {
			isa = XCBuildConfiguration;
			buildSettings = {
				ASSETCATALOG_COMPILER_APPICON_NAME = AppIcon;
				ASSETCATALOG_COMPILER_GLOBAL_ACCENT_COLOR_NAME = AccentColor;
				CODE_SIGN_STYLE = Automatic;
				DEVELOPMENT_TEAM = XK82N983EZ;
				INFOPLIST_FILE = IOS4_HW13_MIKHAIL_BAGMET/Resources/Info.plist;
				LD_RUNPATH_SEARCH_PATHS = (
					"$(inherited)",
					"@executable_path/Frameworks",
				);
				PRODUCT_BUNDLE_IDENTIFIER = "bm.IOS4-HW13-MIKHAIL-BAGMET";
				PRODUCT_NAME = "$(TARGET_NAME)";
				SWIFT_VERSION = 5.0;
				TARGETED_DEVICE_FAMILY = "1,2";
			};
			name = Debug;
		};
		79763949277A391C006C6F55 /* Release */ = {
			isa = XCBuildConfiguration;
			buildSettings = {
				ASSETCATALOG_COMPILER_APPICON_NAME = AppIcon;
				ASSETCATALOG_COMPILER_GLOBAL_ACCENT_COLOR_NAME = AccentColor;
				CODE_SIGN_STYLE = Automatic;
				DEVELOPMENT_TEAM = XK82N983EZ;
				INFOPLIST_FILE = IOS4_HW13_MIKHAIL_BAGMET/Resources/Info.plist;
				LD_RUNPATH_SEARCH_PATHS = (
					"$(inherited)",
					"@executable_path/Frameworks",
				);
				PRODUCT_BUNDLE_IDENTIFIER = "bm.IOS4-HW13-MIKHAIL-BAGMET";
				PRODUCT_NAME = "$(TARGET_NAME)";
				SWIFT_VERSION = 5.0;
				TARGETED_DEVICE_FAMILY = "1,2";
			};
			name = Release;
		};
/* End XCBuildConfiguration section */

/* Begin XCConfigurationList section */
		7976392E277A3919006C6F55 /* Build configuration list for PBXProject "IOS4_HW13_MIKHAIL_BAGMET" */ = {
			isa = XCConfigurationList;
			buildConfigurations = (
				79763945277A391C006C6F55 /* Debug */,
				79763946277A391C006C6F55 /* Release */,
			);
			defaultConfigurationIsVisible = 0;
			defaultConfigurationName = Release;
		};
		79763947277A391C006C6F55 /* Build configuration list for PBXNativeTarget "IOS4_HW13_MIKHAIL_BAGMET" */ = {
			isa = XCConfigurationList;
			buildConfigurations = (
				79763948277A391C006C6F55 /* Debug */,
				79763949277A391C006C6F55 /* Release */,
			);
			defaultConfigurationIsVisible = 0;
			defaultConfigurationName = Release;
		};
/* End XCConfigurationList section */
	};
	rootObject = 7976392B277A3919006C6F55 /* Project object */;
}
